// !$*UTF8*$!
{
	archiveVersion = 1;
	classes = {
	};
	objectVersion = 77;
	objects = {

/* Begin PBXBuildFile section */
		A23751332F97F8DB00569AF5 /* BADGERME-SPEC.md in Resources */ = {isa = PBXBuildFile; fileRef = A23751322F97F8DA00569AF5 /* BADGERME-SPEC.md */; };
		A2A6375D2F985080002A6B8F /* BadgerMeWatch Watch App.app in Embed Watch Content */ = {isa = PBXBuildFile; fileRef = A2A6373D2F98507F002A6B8F /* BadgerMeWatch Watch App.app */; settings = {ATTRIBUTES = (RemoveHeadersOnCopy, ); }; };
/* End PBXBuildFile section */

/* Begin PBXContainerItemProxy section */
		A23751162F97F6FC00569AF5 /* PBXContainerItemProxy */ = {
			isa = PBXContainerItemProxy;
			containerPortal = A23750FE2F97F6F700569AF5 /* Project object */;
			proxyType = 1;
			remoteGlobalIDString = A23751052F97F6F700569AF5;
			remoteInfo = BadgerMe;
		};
		A23751202F97F6FC00569AF5 /* PBXContainerItemProxy */ = {
			isa = PBXContainerItemProxy;
			containerPortal = A23750FE2F97F6F700569AF5 /* Project object */;
			proxyType = 1;
			remoteGlobalIDString = A23751052F97F6F700569AF5;
			remoteInfo = BadgerMe;
		};
		A2A6374A2F985080002A6B8F /* PBXContainerItemProxy */ = {
			isa = PBXContainerItemProxy;
			containerPortal = A23750FE2F97F6F700569AF5 /* Project object */;
			proxyType = 1;
			remoteGlobalIDString = A2A6373C2F98507F002A6B8F;
			remoteInfo = "BadgerMeWatch Watch App";
		};
		A2A637542F985080002A6B8F /* PBXContainerItemProxy */ = {
			isa = PBXContainerItemProxy;
			containerPortal = A23750FE2F97F6F700569AF5 /* Project object */;
			proxyType = 1;
			remoteGlobalIDString = A2A6373C2F98507F002A6B8F;
			remoteInfo = "BadgerMeWatch Watch App";
		};
		A2A6375B2F985080002A6B8F /* PBXContainerItemProxy */ = {
			isa = PBXContainerItemProxy;
			containerPortal = A23750FE2F97F6F700569AF5 /* Project object */;
			proxyType = 1;
			remoteGlobalIDString = A2A6373C2F98507F002A6B8F;
			remoteInfo = "BadgerMeWatch Watch App";
		};
/* End PBXContainerItemProxy section */

/* Begin PBXCopyFilesBuildPhase section */
		A2A637612F985080002A6B8F /* Embed Watch Content */ = {
			isa = PBXCopyFilesBuildPhase;
			buildActionMask = 2147483647;
			dstPath = "$(CONTENTS_FOLDER_PATH)/Watch";
			dstSubfolderSpec = 16;
			files = (
				A2A6375D2F985080002A6B8F /* BadgerMeWatch Watch App.app in Embed Watch Content */,
			);
			name = "Embed Watch Content";
			runOnlyForDeploymentPostprocessing = 0;
		};
/* End PBXCopyFilesBuildPhase section */

/* Begin PBXFileReference section */
		A23751062F97F6F700569AF5 /* BadgerMe.app */ = {isa = PBXFileReference; explicitFileType = wrapper.application; includeInIndex = 0; path = BadgerMe.app; sourceTree = BUILT_PRODUCTS_DIR; };
		A23751152F97F6FC00569AF5 /* BadgerMeTests.xctest */ = {isa = PBXFileReference; explicitFileType = wrapper.cfbundle; includeInIndex = 0; path = BadgerMeTests.xctest; sourceTree = BUILT_PRODUCTS_DIR; };
		A237511F2F97F6FC00569AF5 /* BadgerMeUITests.xctest */ = {isa = PBXFileReference; explicitFileType = wrapper.cfbundle; includeInIndex = 0; path = BadgerMeUITests.xctest; sourceTree = BUILT_PRODUCTS_DIR; };
		A23751322F97F8DA00569AF5 /* BADGERME-SPEC.md */ = {isa = PBXFileReference; lastKnownFileType = net.daringfireball.markdown; path = "BADGERME-SPEC.md"; sourceTree = "<group>"; };
		A2A637382F984D6E002A6B8F /* BadgerMe */ = {isa = PBXFileReference; lastKnownFileType = folder; path = BadgerMe; sourceTree = "<group>"; };
		A2A6373D2F98507F002A6B8F /* BadgerMeWatch Watch App.app */ = {isa = PBXFileReference; explicitFileType = wrapper.application; includeInIndex = 0; path = "BadgerMeWatch Watch App.app"; sourceTree = BUILT_PRODUCTS_DIR; };
		A2A637492F985080002A6B8F /* BadgerMeWatch Watch AppTests.xctest */ = {isa = PBXFileReference; explicitFileType = wrapper.cfbundle; includeInIndex = 0; path = "BadgerMeWatch Watch AppTests.xctest"; sourceTree = BUILT_PRODUCTS_DIR; };
		A2A637532F985080002A6B8F /* BadgerMeWatch Watch AppUITests.xctest */ = {isa = PBXFileReference; explicitFileType = wrapper.cfbundle; includeInIndex = 0; path = "BadgerMeWatch Watch AppUITests.xctest"; sourceTree = BUILT_PRODUCTS_DIR; };
/* End PBXFileReference section */

/* Begin PBXFileSystemSynchronizedRootGroup section */
		A23751182F97F6FC00569AF5 /* BadgerMeTests */ = {
			isa = PBXFileSystemSynchronizedRootGroup;
			path = BadgerMeTests;
			sourceTree = "<group>";
		};
		A23751222F97F6FC00569AF5 /* BadgerMeUITests */ = {
			isa = PBXFileSystemSynchronizedRootGroup;
			path = BadgerMeUITests;
			sourceTree = "<group>";
		};
		A2A6373E2F98507F002A6B8F /* BadgerMeWatch Watch App */ = {
			isa = PBXFileSystemSynchronizedRootGroup;
			path = "BadgerMeWatch Watch App";
			sourceTree = "<group>";
		};
		A2A6374C2F985080002A6B8F /* BadgerMeWatch Watch AppTests */ = {
			isa = PBXFileSystemSynchronizedRootGroup;
			path = "BadgerMeWatch Watch AppTests";
			sourceTree = "<group>";
		};
		A2A637562F985080002A6B8F /* BadgerMeWatch Watch AppUITests */ = {
			isa = PBXFileSystemSynchronizedRootGroup;
			path = "BadgerMeWatch Watch AppUITests";
			sourceTree = "<group>";
		};
/* End PBXFileSystemSynchronizedRootGroup section */

/* Begin PBXFrameworksBuildPhase section */
		A23751032F97F6F700569AF5 /* Frameworks */ = {
			isa = PBXFrameworksBuildPhase;
			buildActionMask = 2147483647;
			files = (
			);
			runOnlyForDeploymentPostprocessing = 0;
		};
		A23751122F97F6FC00569AF5 /* Frameworks */ = {
			isa = PBXFrameworksBuildPhase;
			buildActionMask = 2147483647;
			files = (
			);
			runOnlyForDeploymentPostprocessing = 0;
		};
		A237511C2F97F6FC00569AF5 /* Frameworks */ = {
			isa = PBXFrameworksBuildPhase;
			buildActionMask = 2147483647;
			files = (
			);
			runOnlyForDeploymentPostprocessing = 0;
		};
		A2A6373A2F98507F002A6B8F /* Frameworks */ = {
			isa = PBXFrameworksBuildPhase;
			buildActionMask = 2147483647;
			files = (
			);
			runOnlyForDeploymentPostprocessing = 0;
		};
		A2A637462F985080002A6B8F /* Frameworks */ = {
			isa = PBXFrameworksBuildPhase;
			buildActionMask = 2147483647;
			files = (
			);
			runOnlyForDeploymentPostprocessing = 0;
		};
		A2A637502F985080002A6B8F /* Frameworks */ = {
			isa = PBXFrameworksBuildPhase;
			buildActionMask = 2147483647;
			files = (
			);
			runOnlyForDeploymentPostprocessing = 0;
		};
/* End PBXFrameworksBuildPhase section */

/* Begin PBXGroup section */
		A23750FD2F97F6F700569AF5 = {
			isa = PBXGroup;
			children = (
				A2A637382F984D6E002A6B8F /* BadgerMe */,
				A23751182F97F6FC00569AF5 /* BadgerMeTests */,
				A23751222F97F6FC00569AF5 /* BadgerMeUITests */,
				A2A6373E2F98507F002A6B8F /* BadgerMeWatch Watch App */,
				A2A6374C2F985080002A6B8F /* BadgerMeWatch Watch AppTests */,
				A2A637562F985080002A6B8F /* BadgerMeWatch Watch AppUITests */,
				A23751072F97F6F700569AF5 /* Products */,
				A23751322F97F8DA00569AF5 /* BADGERME-SPEC.md */,
			);
			sourceTree = "<group>";
		};
		A23751072F97F6F700569AF5 /* Products */ = {
			isa = PBXGroup;
			children = (
				A23751062F97F6F700569AF5 /* BadgerMe.app */,
				A23751152F97F6FC00569AF5 /* BadgerMeTests.xctest */,
				A237511F2F97F6FC00569AF5 /* BadgerMeUITests.xctest */,
				A2A6373D2F98507F002A6B8F /* BadgerMeWatch Watch App.app */,
				A2A637492F985080002A6B8F /* BadgerMeWatch Watch AppTests.xctest */,
				A2A637532F985080002A6B8F /* BadgerMeWatch Watch AppUITests.xctest */,
			);
			name = Products;
			sourceTree = "<group>";
		};
/* End PBXGroup section */

/* Begin PBXNativeTarget section */
		A23751052F97F6F700569AF5 /* BadgerMe */ = {
			isa = PBXNativeTarget;
			buildConfigurationList = A23751292F97F6FC00569AF5 /* Build configuration list for PBXNativeTarget "BadgerMe" */;
			buildPhases = (
				A23751022F97F6F700569AF5 /* Sources */,
				A23751032F97F6F700569AF5 /* Frameworks */,
				A23751042F97F6F700569AF5 /* Resources */,
				A2A637612F985080002A6B8F /* Embed Watch Content */,
			);
			buildRules = (
			);
			dependencies = (
				A2A6375C2F985080002A6B8F /* PBXTargetDependency */,
			);
			name = BadgerMe;
			packageProductDependencies = (
			);
			productName = BadgerMe;
			productReference = A23751062F97F6F700569AF5 /* BadgerMe.app */;
			productType = "com.apple.product-type.application";
		};
		A23751142F97F6FC00569AF5 /* BadgerMeTests */ = {
			isa = PBXNativeTarget;
			buildConfigurationList = A237512C2F97F6FC00569AF5 /* Build configuration list for PBXNativeTarget "BadgerMeTests" */;
			buildPhases = (
				A23751112F97F6FC00569AF5 /* Sources */,
				A23751122F97F6FC00569AF5 /* Frameworks */,
				A23751132F97F6FC00569AF5 /* Resources */,
			);
			buildRules = (
			);
			dependencies = (
				A23751172F97F6FC00569AF5 /* PBXTargetDependency */,
			);
			fileSystemSynchronizedGroups = (
				A23751182F97F6FC00569AF5 /* BadgerMeTests */,
			);
			name = BadgerMeTests;
			packageProductDependencies = (
			);
			productName = BadgerMeTests;
			productReference = A23751152F97F6FC00569AF5 /* BadgerMeTests.xctest */;
			productType = "com.apple.product-type.bundle.unit-test";
		};
		A237511E2F97F6FC00569AF5 /* BadgerMeUITests */ = {
			isa = PBXNativeTarget;
			buildConfigurationList = A237512F2F97F6FC00569AF5 /* Build configuration list for PBXNativeTarget "BadgerMeUITests" */;
			buildPhases = (
				A237511B2F97F6FC00569AF5 /* Sources */,
				A237511C2F97F6FC00569AF5 /* Frameworks */,
				A237511D2F97F6FC00569AF5 /* Resources */,
			);
			buildRules = (
			);
			dependencies = (
				A23751212F97F6FC00569AF5 /* PBXTargetDependency */,
			);
			fileSystemSynchronizedGroups = (
				A23751222F97F6FC00569AF5 /* BadgerMeUITests */,
			);
			name = BadgerMeUITests;
			packageProductDependencies = (
			);
			productName = BadgerMeUITests;
			productReference = A237511F2F97F6FC00569AF5 /* BadgerMeUITests.xctest */;
			productType = "com.apple.product-type.bundle.ui-testing";
		};
		A2A6373C2F98507F002A6B8F /* BadgerMeWatch Watch App */ = {
			isa = PBXNativeTarget;
			buildConfigurationList = A2A6375E2F985080002A6B8F /* Build configuration list for PBXNativeTarget "BadgerMeWatch Watch App" */;
			buildPhases = (
				A2A637392F98507F002A6B8F /* Sources */,
				A2A6373A2F98507F002A6B8F /* Frameworks */,
				A2A6373B2F98507F002A6B8F /* Resources */,
			);
			buildRules = (
			);
			dependencies = (
			);
			fileSystemSynchronizedGroups = (
				A2A6373E2F98507F002A6B8F /* BadgerMeWatch Watch App */,
			);
			name = "BadgerMeWatch Watch App";
			packageProductDependencies = (
			);
			productName = "BadgerMeWatch Watch App";
			productReference = A2A6373D2F98507F002A6B8F /* BadgerMeWatch Watch App.app */;
			productType = "com.apple.product-type.application";
		};
		A2A637482F985080002A6B8F /* BadgerMeWatch Watch AppTests */ = {
			isa = PBXNativeTarget;
			buildConfigurationList = A2A637622F985080002A6B8F /* Build configuration list for PBXNativeTarget "BadgerMeWatch Watch AppTests" */;
			buildPhases = (
				A2A637452F985080002A6B8F /* Sources */,
				A2A637462F985080002A6B8F /* Frameworks */,
				A2A637472F985080002A6B8F /* Resources */,
			);
			buildRules = (
			);
			dependencies = (
				A2A6374B2F985080002A6B8F /* PBXTargetDependency */,
			);
			fileSystemSynchronizedGroups = (
				A2A6374C2F985080002A6B8F /* BadgerMeWatch Watch AppTests */,
			);
			name = "BadgerMeWatch Watch AppTests";
			packageProductDependencies = (
			);
			productName = "BadgerMeWatch Watch AppTests";
			productReference = A2A637492F985080002A6B8F /* BadgerMeWatch Watch AppTests.xctest */;
			productType = "com.apple.product-type.bundle.unit-test";
		};
		A2A637522F985080002A6B8F /* BadgerMeWatch Watch AppUITests */ = {
			isa = PBXNativeTarget;
			buildConfigurationList = A2A637652F985080002A6B8F /* Build configuration list for PBXNativeTarget "BadgerMeWatch Watch AppUITests" */;
			buildPhases = (
				A2A6374F2F985080002A6B8F /* Sources */,
				A2A637502F985080002A6B8F /* Frameworks */,
				A2A637512F985080002A6B8F /* Resources */,
			);
			buildRules = (
			);
			dependencies = (
				A2A637552F985080002A6B8F /* PBXTargetDependency */,
			);
			fileSystemSynchronizedGroups = (
				A2A637562F985080002A6B8F /* BadgerMeWatch Watch AppUITests */,
			);
			name = "BadgerMeWatch Watch AppUITests";
			packageProductDependencies = (
			);
			productName = "BadgerMeWatch Watch AppUITests";
			productReference = A2A637532F985080002A6B8F /* BadgerMeWatch Watch AppUITests.xctest */;
			productType = "com.apple.product-type.bundle.ui-testing";
		};
/* End PBXNativeTarget section */

/* Begin PBXProject section */
		A23750FE2F97F6F700569AF5 /* Project object */ = {
			isa = PBXProject;
			attributes = {
				BuildIndependentTargetsInParallel = 1;
				LastSwiftUpdateCheck = 2640;
				LastUpgradeCheck = 2640;
				TargetAttributes = {
					A23751052F97F6F700569AF5 = {
						CreatedOnToolsVersion = 26.4.1;
					};
					A23751142F97F6FC00569AF5 = {
						CreatedOnToolsVersion = 26.4.1;
						TestTargetID = A23751052F97F6F700569AF5;
					};
					A237511E2F97F6FC00569AF5 = {
						CreatedOnToolsVersion = 26.4.1;
						TestTargetID = A23751052F97F6F700569AF5;
					};
					A2A6373C2F98507F002A6B8F = {
						CreatedOnToolsVersion = 26.4.1;
					};
					A2A637482F985080002A6B8F = {
						CreatedOnToolsVersion = 26.4.1;
						TestTargetID = A2A6373C2F98507F002A6B8F;
					};
					A2A637522F985080002A6B8F = {
						CreatedOnToolsVersion = 26.4.1;
						TestTargetID = A2A6373C2F98507F002A6B8F;
					};
				};
			};
			buildConfigurationList = A23751012F97F6F700569AF5 /* Build configuration list for PBXProject "BadgerMe" */;
			developmentRegion = en;
			hasScannedForEncodings = 0;
			knownRegions = (
				en,
				Base,
			);
			mainGroup = A23750FD2F97F6F700569AF5;
			minimizedProjectReferenceProxies = 1;
			preferredProjectObjectVersion = 77;
			productRefGroup = A23751072F97F6F700569AF5 /* Products */;
			projectDirPath = "";
			projectRoot = "";
			targets = (
				A23751052F97F6F700569AF5 /* BadgerMe */,
				A23751142F97F6FC00569AF5 /* BadgerMeTests */,
				A237511E2F97F6FC00569AF5 /* BadgerMeUITests */,
				A2A6373C2F98507F002A6B8F /* BadgerMeWatch Watch App */,
				A2A637482F985080002A6B8F /* BadgerMeWatch Watch AppTests */,
				A2A637522F985080002A6B8F /* BadgerMeWatch Watch AppUITests */,
			);
		};
/* End PBXProject section */

/* Begin PBXResourcesBuildPhase section */
		A23751042F97F6F700569AF5 /* Resources */ = {
			isa = PBXResourcesBuildPhase;
			buildActionMask = 2147483647;
			files = (
				A23751332F97F8DB00569AF5 /* BADGERME-SPEC.md in Resources */,
			);
			runOnlyForDeploymentPostprocessing = 0;
		};
		A23751132F97F6FC00569AF5 /* Resources */ = {
			isa = PBXResourcesBuildPhase;
			buildActionMask = 2147483647;
			files = (
			);
			runOnlyForDeploymentPostprocessing = 0;
		};
		A237511D2F97F6FC00569AF5 /* Resources */ = {
			isa = PBXResourcesBuildPhase;
			buildActionMask = 2147483647;
			files = (
			);
			runOnlyForDeploymentPostprocessing = 0;
		};
		A2A6373B2F98507F002A6B8F /* Resources */ = {
			isa = PBXResourcesBuildPhase;
			buildActionMask = 2147483647;
			files = (
			);
			runOnlyForDeploymentPostprocessing = 0;
		};
		A2A637472F985080002A6B8F /* Resources */ = {
			isa = PBXResourcesBuildPhase;
			buildActionMask = 2147483647;
			files = (
			);
			runOnlyForDeploymentPostprocessing = 0;
		};
		A2A637512F985080002A6B8F /* Resources */ = {
			isa = PBXResourcesBuildPhase;
			buildActionMask = 2147483647;
			files = (
			);
			runOnlyForDeploymentPostprocessing = 0;
		};
/* End PBXResourcesBuildPhase section */

/* Begin PBXSourcesBuildPhase section */
		A23751022F97F6F700569AF5 /* Sources */ = {
			isa = PBXSourcesBuildPhase;
			buildActionMask = 2147483647;
			files = (
			);
			runOnlyForDeploymentPostprocessing = 0;
		};
		A23751112F97F6FC00569AF5 /* Sources */ = {
			isa = PBXSourcesBuildPhase;
			buildActionMask = 2147483647;
			files = (
			);
			runOnlyForDeploymentPostprocessing = 0;
		};
		A237511B2F97F6FC00569AF5 /* Sources */ = {
			isa = PBXSourcesBuildPhase;
			buildActionMask = 2147483647;
			files = (
			);
			runOnlyForDeploymentPostprocessing = 0;
		};
		A2A637392F98507F002A6B8F /* Sources */ = {
			isa = PBXSourcesBuildPhase;
			buildActionMask = 2147483647;
			files = (
			);
			runOnlyForDeploymentPostprocessing = 0;
		};
		A2A637452F985080002A6B8F /* Sources */ = {
			isa = PBXSourcesBuildPhase;
			buildActionMask = 2147483647;
			files = (
			);
			runOnlyForDeploymentPostprocessing = 0;
		};
		A2A6374F2F985080002A6B8F /* Sources */ = {
			isa = PBXSourcesBuildPhase;
			buildActionMask = 2147483647;
			files = (
			);
			runOnlyForDeploymentPostprocessing = 0;
		};
/* End PBXSourcesBuildPhase section */

/* Begin PBXTargetDependency section */
		A23751172F97F6FC00569AF5 /* PBXTargetDependency */ = {
			isa = PBXTargetDependency;
			target = A23751052F97F6F700569AF5 /* BadgerMe */;
			targetProxy = A23751162F97F6FC00569AF5 /* PBXContainerItemProxy */;
		};
		A23751212F97F6FC00569AF5 /* PBXTargetDependency */ = {
			isa = PBXTargetDependency;
			target = A23751052F97F6F700569AF5 /* BadgerMe */;
			targetProxy = A23751202F97F6FC00569AF5 /* PBXContainerItemProxy */;
		};
		A2A6374B2F985080002A6B8F /* PBXTargetDependency */ = {
			isa = PBXTargetDependency;
			target = A2A6373C2F98507F002A6B8F /* BadgerMeWatch Watch App */;
			targetProxy = A2A6374A2F985080002A6B8F /* PBXContainerItemProxy */;
		};
		A2A637552F985080002A6B8F /* PBXTargetDependency */ = {
			isa = PBXTargetDependency;
			target = A2A6373C2F98507F002A6B8F /* BadgerMeWatch Watch App */;
			targetProxy = A2A637542F985080002A6B8F /* PBXContainerItemProxy */;
		};
		A2A6375C2F985080002A6B8F /* PBXTargetDependency */ = {
			isa = PBXTargetDependency;
			target = A2A6373C2F98507F002A6B8F /* BadgerMeWatch Watch App */;
			targetProxy = A2A6375B2F985080002A6B8F /* PBXContainerItemProxy */;
		};
/* End PBXTargetDependency section */

/* Begin XCBuildConfiguration section */
		A23751272F97F6FC00569AF5 /* Debug */ = {
			isa = XCBuildConfiguration;
			buildSettings = {
				ALWAYS_SEARCH_USER_PATHS = NO;
				ASSETCATALOG_COMPILER_GENERATE_SWIFT_ASSET_SYMBOL_EXTENSIONS = YES;
				CLANG_ANALYZER_NONNULL = YES;
				CLANG_ANALYZER_NUMBER_OBJECT_CONVERSION = YES_AGGRESSIVE;
				CLANG_CXX_LANGUAGE_STANDARD = "gnu++20";
				CLANG_ENABLE_MODULES = YES;
				CLANG_ENABLE_OBJC_ARC = YES;
				CLANG_ENABLE_OBJC_WEAK = YES;
				CLANG_WARN_BLOCK_CAPTURE_AUTORELEASING = YES;
				CLANG_WARN_BOOL_CONVERSION = YES;
				CLANG_WARN_COMMA = YES;
				CLANG_WARN_CONSTANT_CONVERSION = YES;
				CLANG_WARN_DEPRECATED_OBJC_IMPLEMENTATIONS = YES;
				CLANG_WARN_DIRECT_OBJC_ISA_USAGE = YES_ERROR;
				CLANG_WARN_DOCUMENTATION_COMMENTS = YES;
				CLANG_WARN_EMPTY_BODY = YES;
				CLANG_WARN_ENUM_CONVERSION = YES;
				CLANG_WARN_INFINITE_RECURSION = YES;
				CLANG_WARN_INT_CONVERSION = YES;
				CLANG_WARN_NON_LITERAL_NULL_CONVERSION = YES;
				CLANG_WARN_OBJC_IMPLICIT_RETAIN_SELF = YES;
				CLANG_WARN_OBJC_LITERAL_CONVERSION = YES;
				CLANG_WARN_OBJC_ROOT_CLASS = YES_ERROR;
				CLANG_WARN_QUOTED_INCLUDE_IN_FRAMEWORK_HEADER = YES;
				CLANG_WARN_RANGE_LOOP_ANALYSIS = YES;
				CLANG_WARN_STRICT_PROTOTYPES = YES;
				CLANG_WARN_SUSPICIOUS_MOVE = YES;
				CLANG_WARN_UNGUARDED_AVAILABILITY = YES_AGGRESSIVE;
				CLANG_WARN_UNREACHABLE_CODE = YES;
				CLANG_WARN__DUPLICATE_METHOD_MATCH = YES;
				COPY_PHASE_STRIP = NO;
				DEBUG_INFORMATION_FORMAT = dwarf;
				DEVELOPMENT_TEAM = D28SQQ935Q;
				ENABLE_STRICT_OBJC_MSGSEND = YES;
				ENABLE_TESTABILITY = YES;
				ENABLE_USER_SCRIPT_SANDBOXING = YES;
				GCC_C_LANGUAGE_STANDARD = gnu17;
				GCC_DYNAMIC_NO_PIC = NO;
				GCC_NO_COMMON_BLOCKS = YES;
				GCC_OPTIMIZATION_LEVEL = 0;
				GCC_PREPROCESSOR_DEFINITIONS = (
					"DEBUG=1",
					"$(inherited)",
				);
				GCC_WARN_64_TO_32_BIT_CONVERSION = YES;
				GCC_WARN_ABOUT_RETURN_TYPE = YES_ERROR;
				GCC_WARN_UNDECLARED_SELECTOR = YES;
				GCC_WARN_UNINITIALIZED_AUTOS = YES_AGGRESSIVE;
				GCC_WARN_UNUSED_FUNCTION = YES;
				GCC_WARN_UNUSED_VARIABLE = YES;
				INFOPLIST_FILE = "Badger​Me​/​Info​.plist";
				IPHONEOS_DEPLOYMENT_TARGET = 26.4;
				LOCALIZATION_PREFERS_STRING_CATALOGS = YES;
				MTL_ENABLE_DEBUG_INFO = INCLUDE_SOURCE;
				MTL_FAST_MATH = YES;
				ONLY_ACTIVE_ARCH = YES;
				SDKROOT = iphoneos;
				SWIFT_ACTIVE_COMPILATION_CONDITIONS = "DEBUG $(inherited)";
				SWIFT_OPTIMIZATION_LEVEL = "-Onone";
			};
			name = Debug;
		};
		A23751282F97F6FC00569AF5 /* Release */ = {
			isa = XCBuildConfiguration;
			buildSettings = {
				ALWAYS_SEARCH_USER_PATHS = NO;
				ASSETCATALOG_COMPILER_GENERATE_SWIFT_ASSET_SYMBOL_EXTENSIONS = YES;
				CLANG_ANALYZER_NONNULL = YES;
				CLANG_ANALYZER_NUMBER_OBJECT_CONVERSION = YES_AGGRESSIVE;
				CLANG_CXX_LANGUAGE_STANDARD = "gnu++20";
				CLANG_ENABLE_MODULES = YES;
				CLANG_ENABLE_OBJC_ARC = YES;
				CLANG_ENABLE_OBJC_WEAK = YES;
				CLANG_WARN_BLOCK_CAPTURE_AUTORELEASING = YES;
				CLANG_WARN_BOOL_CONVERSION = YES;
				CLANG_WARN_COMMA = YES;
				CLANG_WARN_CONSTANT_CONVERSION = YES;
				CLANG_WARN_DEPRECATED_OBJC_IMPLEMENTATIONS = YES;
				CLANG_WARN_DIRECT_OBJC_ISA_USAGE = YES_ERROR;
				CLANG_WARN_DOCUMENTATION_COMMENTS = YES;
				CLANG_WARN_EMPTY_BODY = YES;
				CLANG_WARN_ENUM_CONVERSION = YES;
				CLANG_WARN_INFINITE_RECURSION = YES;
				CLANG_WARN_INT_CONVERSION = YES;
				CLANG_WARN_NON_LITERAL_NULL_CONVERSION = YES;
				CLANG_WARN_OBJC_IMPLICIT_RETAIN_SELF = YES;
				CLANG_WARN_OBJC_LITERAL_CONVERSION = YES;
				CLANG_WARN_OBJC_ROOT_CLASS = YES_ERROR;
				CLANG_WARN_QUOTED_INCLUDE_IN_FRAMEWORK_HEADER = YES;
				CLANG_WARN_RANGE_LOOP_ANALYSIS = YES;
				CLANG_WARN_STRICT_PROTOTYPES = YES;
				CLANG_WARN_SUSPICIOUS_MOVE = YES;
				CLANG_WARN_UNGUARDED_AVAILABILITY = YES_AGGRESSIVE;
				CLANG_WARN_UNREACHABLE_CODE = YES;
				CLANG_WARN__DUPLICATE_METHOD_MATCH = YES;
				COPY_PHASE_STRIP = NO;
				DEBUG_INFORMATION_FORMAT = "dwarf-with-dsym";
				DEVELOPMENT_TEAM = D28SQQ935Q;
				ENABLE_NS_ASSERTIONS = NO;
				ENABLE_STRICT_OBJC_MSGSEND = YES;
				ENABLE_USER_SCRIPT_SANDBOXING = YES;
				GCC_C_LANGUAGE_STANDARD = gnu17;
				GCC_NO_COMMON_BLOCKS = YES;
				GCC_WARN_64_TO_32_BIT_CONVERSION = YES;
				GCC_WARN_ABOUT_RETURN_TYPE = YES_ERROR;
				GCC_WARN_UNDECLARED_SELECTOR = YES;
				GCC_WARN_UNINITIALIZED_AUTOS = YES_AGGRESSIVE;
				GCC_WARN_UNUSED_FUNCTION = YES;
				GCC_WARN_UNUSED_VARIABLE = YES;
				INFOPLIST_FILE = "Badger​Me​/​Info​.plist";
				IPHONEOS_DEPLOYMENT_TARGET = 26.4;
				LOCALIZATION_PREFERS_STRING_CATALOGS = YES;
				MTL_ENABLE_DEBUG_INFO = NO;
				MTL_FAST_MATH = YES;
				SDKROOT = iphoneos;
				SWIFT_COMPILATION_MODE = wholemodule;
				VALIDATE_PRODUCT = YES;
			};
			name = Release;
		};
		A237512A2F97F6FC00569AF5 /* Debug */ = {
			isa = XCBuildConfiguration;
			buildSettings = {
				ASSETCATALOG_COMPILER_APPICON_NAME = AppIcon;
				ASSETCATALOG_COMPILER_GLOBAL_ACCENT_COLOR_NAME = AccentColor;
				CODE_SIGN_STYLE = Automatic;
				CURRENT_PROJECT_VERSION = 1;
				DEVELOPMENT_TEAM = D28SQQ935Q;
				ENABLE_PREVIEWS = YES;
				GENERATE_INFOPLIST_FILE = YES;
				INFOPLIST_FILE = BadgerMe/Info.plist;
				INFOPLIST_KEY_UIApplicationSceneManifest_Generation = YES;
				INFOPLIST_KEY_UIApplicationSupportsIndirectInputEvents = YES;
				INFOPLIST_KEY_UILaunchScreen_Generation = YES;
				INFOPLIST_KEY_UISupportedInterfaceOrientations_iPad = "UIInterfaceOrientationPortrait UIInterfaceOrientationPortraitUpsideDown UIInterfaceOrientationLandscapeLeft UIInterfaceOrientationLandscapeRight";
				INFOPLIST_KEY_UISupportedInterfaceOrientations_iPhone = "UIInterfaceOrientationPortrait UIInterfaceOrientationLandscapeLeft UIInterfaceOrientationLandscapeRight";
				LD_RUNPATH_SEARCH_PATHS = (
					"$(inherited)",
					"@executable_path/Frameworks",
				);
				MARKETING_VERSION = 1.0;
				PRODUCT_BUNDLE_IDENTIFIER = com.amosglenn.BadgerMe;
				PRODUCT_NAME = "$(TARGET_NAME)";
				STRING_CATALOG_GENERATE_SYMBOLS = YES;
				SWIFT_APPROACHABLE_CONCURRENCY = YES;
				SWIFT_DEFAULT_ACTOR_ISOLATION = MainActor;
				SWIFT_EMIT_LOC_STRINGS = YES;
				SWIFT_UPCOMING_FEATURE_MEMBER_IMPORT_VISIBILITY = YES;
				SWIFT_VERSION = 5.0;
				TARGETED_DEVICE_FAMILY = "1,2";
			};
			name = Debug;
		};
		A237512B2F97F6FC00569AF5 /* Release */ = {
			isa = XCBuildConfiguration;
			buildSettings = {
				ASSETCATALOG_COMPILER_APPICON_NAME = AppIcon;
				ASSETCATALOG_COMPILER_GLOBAL_ACCENT_COLOR_NAME = AccentColor;
				CODE_SIGN_STYLE = Automatic;
				CURRENT_PROJECT_VERSION = 1;
				DEVELOPMENT_TEAM = D28SQQ935Q;
				ENABLE_PREVIEWS = YES;
				GENERATE_INFOPLIST_FILE = YES;
				INFOPLIST_FILE = BadgerMe/Info.plist;
				INFOPLIST_KEY_UIApplicationSceneManifest_Generation = YES;
				INFOPLIST_KEY_UIApplicationSupportsIndirectInputEvents = YES;
				INFOPLIST_KEY_UILaunchScreen_Generation = YES;
				INFOPLIST_KEY_UISupportedInterfaceOrientations_iPad = "UIInterfaceOrientationPortrait UIInterfaceOrientationPortraitUpsideDown UIInterfaceOrientationLandscapeLeft UIInterfaceOrientationLandscapeRight";
				INFOPLIST_KEY_UISupportedInterfaceOrientations_iPhone = "UIInterfaceOrientationPortrait UIInterfaceOrientationLandscapeLeft UIInterfaceOrientationLandscapeRight";
				LD_RUNPATH_SEARCH_PATHS = (
					"$(inherited)",
					"@executable_path/Frameworks",
				);
				MARKETING_VERSION = 1.0;
				PRODUCT_BUNDLE_IDENTIFIER = com.amosglenn.BadgerMe;
				PRODUCT_NAME = "$(TARGET_NAME)";
				STRING_CATALOG_GENERATE_SYMBOLS = YES;
				SWIFT_APPROACHABLE_CONCURRENCY = YES;
				SWIFT_DEFAULT_ACTOR_ISOLATION = MainActor;
				SWIFT_EMIT_LOC_STRINGS = YES;
				SWIFT_UPCOMING_FEATURE_MEMBER_IMPORT_VISIBILITY = YES;
				SWIFT_VERSION = 5.0;
				TARGETED_DEVICE_FAMILY = "1,2";
			};
			name = Release;
		};
		A237512D2F97F6FC00569AF5 /* Debug */ = {
			isa = XCBuildConfiguration;
			buildSettings = {
				BUNDLE_LOADER = "$(TEST_HOST)";
				CODE_SIGN_STYLE = Automatic;
				CURRENT_PROJECT_VERSION = 1;
				DEVELOPMENT_TEAM = D28SQQ935Q;
				GENERATE_INFOPLIST_FILE = YES;
				IPHONEOS_DEPLOYMENT_TARGET = 26.4;
				MARKETING_VERSION = 1.0;
				PRODUCT_BUNDLE_IDENTIFIER = com.amosglenn.BadgerMeTests;
				PRODUCT_NAME = "$(TARGET_NAME)";
				STRING_CATALOG_GENERATE_SYMBOLS = NO;
				SWIFT_APPROACHABLE_CONCURRENCY = YES;
				SWIFT_EMIT_LOC_STRINGS = NO;
				SWIFT_UPCOMING_FEATURE_MEMBER_IMPORT_VISIBILITY = YES;
				SWIFT_VERSION = 5.0;
				TARGETED_DEVICE_FAMILY = "1,2";
				TEST_HOST = "$(BUILT_PRODUCTS_DIR)/BadgerMe.app/$(BUNDLE_EXECUTABLE_FOLDER_PATH)/BadgerMe";
			};
			name = Debug;
		};
		A237512E2F97F6FC00569AF5 /* Release */ = {
			isa = XCBuildConfiguration;
			buildSettings = {
				BUNDLE_LOADER = "$(TEST_HOST)";
				CODE_SIGN_STYLE = Automatic;
				CURRENT_PROJECT_VERSION = 1;
				DEVELOPMENT_TEAM = D28SQQ935Q;
				GENERATE_INFOPLIST_FILE = YES;
				IPHONEOS_DEPLOYMENT_TARGET = 26.4;
				MARKETING_VERSION = 1.0;
				PRODUCT_BUNDLE_IDENTIFIER = com.amosglenn.BadgerMeTests;
				PRODUCT_NAME = "$(TARGET_NAME)";
				STRING_CATALOG_GENERATE_SYMBOLS = NO;
				SWIFT_APPROACHABLE_CONCURRENCY = YES;
				SWIFT_EMIT_LOC_STRINGS = NO;
				SWIFT_UPCOMING_FEATURE_MEMBER_IMPORT_VISIBILITY = YES;
				SWIFT_VERSION = 5.0;
				TARGETED_DEVICE_FAMILY = "1,2";
				TEST_HOST = "$(BUILT_PRODUCTS_DIR)/BadgerMe.app/$(BUNDLE_EXECUTABLE_FOLDER_PATH)/BadgerMe";
			};
			name = Release;
		};
		A23751302F97F6FC00569AF5 /* Debug */ = {
			isa = XCBuildConfiguration;
			buildSettings = {
				CODE_SIGN_STYLE = Automatic;
				CURRENT_PROJECT_VERSION = 1;
				DEVELOPMENT_TEAM = D28SQQ935Q;
				GENERATE_INFOPLIST_FILE = YES;
				MARKETING_VERSION = 1.0;
				PRODUCT_BUNDLE_IDENTIFIER = com.amosglenn.BadgerMeUITests;
				PRODUCT_NAME = "$(TARGET_NAME)";
				STRING_CATALOG_GENERATE_SYMBOLS = NO;
				SWIFT_APPROACHABLE_CONCURRENCY = YES;
				SWIFT_EMIT_LOC_STRINGS = NO;
				SWIFT_UPCOMING_FEATURE_MEMBER_IMPORT_VISIBILITY = YES;
				SWIFT_VERSION = 5.0;
				TARGETED_DEVICE_FAMILY = "1,2";
				TEST_TARGET_NAME = BadgerMe;
			};
			name = Debug;
		};
		A23751312F97F6FC00569AF5 /* Release */ = {
			isa = XCBuildConfiguration;
			buildSettings = {
				CODE_SIGN_STYLE = Automatic;
				CURRENT_PROJECT_VERSION = 1;
				DEVELOPMENT_TEAM = D28SQQ935Q;
				GENERATE_INFOPLIST_FILE = YES;
				MARKETING_VERSION = 1.0;
				PRODUCT_BUNDLE_IDENTIFIER = com.amosglenn.BadgerMeUITests;
				PRODUCT_NAME = "$(TARGET_NAME)";
				STRING_CATALOG_GENERATE_SYMBOLS = NO;
				SWIFT_APPROACHABLE_CONCURRENCY = YES;
				SWIFT_EMIT_LOC_STRINGS = NO;
				SWIFT_UPCOMING_FEATURE_MEMBER_IMPORT_VISIBILITY = YES;
				SWIFT_VERSION = 5.0;
				TARGETED_DEVICE_FAMILY = "1,2";
				TEST_TARGET_NAME = BadgerMe;
			};
			name = Release;
		};
		A2A6375F2F985080002A6B8F /* Debug */ = {
			isa = XCBuildConfiguration;
			buildSettings = {
				ASSETCATALOG_COMPILER_APPICON_NAME = AppIcon;
				ASSETCATALOG_COMPILER_GLOBAL_ACCENT_COLOR_NAME = AccentColor;
				CODE_SIGN_STYLE = Automatic;
				CURRENT_PROJECT_VERSION = 1;
				DEVELOPMENT_TEAM = D28SQQ935Q;
				ENABLE_PREVIEWS = YES;
				GENERATE_INFOPLIST_FILE = YES;
				INFOPLIST_FILE = "";
				INFOPLIST_KEY_CFBundleDisplayName = BadgerMeWatch;
				INFOPLIST_KEY_UISupportedInterfaceOrientations = "UIInterfaceOrientationPortrait UIInterfaceOrientationPortraitUpsideDown";
				INFOPLIST_KEY_WKCompanionAppBundleIdentifier = com.amosglenn.BadgerMe;
				LD_RUNPATH_SEARCH_PATHS = (
					"$(inherited)",
					"@executable_path/Frameworks",
				);
				MARKETING_VERSION = 1.0;
				PRODUCT_BUNDLE_IDENTIFIER = com.amosglenn.BadgerMe.watchkitapp;
				PRODUCT_NAME = "$(TARGET_NAME)";
				SDKROOT = watchos;
				SKIP_INSTALL = YES;
				STRING_CATALOG_GENERATE_SYMBOLS = YES;
				SWIFT_APPROACHABLE_CONCURRENCY = YES;
				SWIFT_DEFAULT_ACTOR_ISOLATION = MainActor;
				SWIFT_EMIT_LOC_STRINGS = YES;
				SWIFT_UPCOMING_FEATURE_MEMBER_IMPORT_VISIBILITY = YES;
				SWIFT_VERSION = 5.0;
				TARGETED_DEVICE_FAMILY = 4;
				WATCHOS_DEPLOYMENT_TARGET = 26.4;
			};
			name = Debug;
		};
		A2A637602F985080002A6B8F /* Release */ = {
			isa = XCBuildConfiguration;
			buildSettings = {
				ASSETCATALOG_COMPILER_APPICON_NAME = AppIcon;
				ASSETCATALOG_COMPILER_GLOBAL_ACCENT_COLOR_NAME = AccentColor;
				CODE_SIGN_STYLE = Automatic;
				CURRENT_PROJECT_VERSION = 1;
				DEVELOPMENT_TEAM = D28SQQ935Q;
				ENABLE_PREVIEWS = YES;
				GENERATE_INFOPLIST_FILE = YES;
				INFOPLIST_FILE = "";
				INFOPLIST_KEY_CFBundleDisplayName = BadgerMeWatch;
				INFOPLIST_KEY_UISupportedInterfaceOrientations = "UIInterfaceOrientationPortrait UIInterfaceOrientationPortraitUpsideDown";
				INFOPLIST_KEY_WKCompanionAppBundleIdentifier = com.amosglenn.BadgerMe;
				LD_RUNPATH_SEARCH_PATHS = (
					"$(inherited)",
					"@executable_path/Frameworks",
				);
				MARKETING_VERSION = 1.0;
				PRODUCT_BUNDLE_IDENTIFIER = com.amosglenn.BadgerMe.watchkitapp;
				PRODUCT_NAME = "$(TARGET_NAME)";
				SDKROOT = watchos;
				SKIP_INSTALL = YES;
				STRING_CATALOG_GENERATE_SYMBOLS = YES;
				SWIFT_APPROACHABLE_CONCURRENCY = YES;
				SWIFT_DEFAULT_ACTOR_ISOLATION = MainActor;
				SWIFT_EMIT_LOC_STRINGS = YES;
				SWIFT_UPCOMING_FEATURE_MEMBER_IMPORT_VISIBILITY = YES;
				SWIFT_VERSION = 5.0;
				TARGETED_DEVICE_FAMILY = 4;
				WATCHOS_DEPLOYMENT_TARGET = 26.4;
			};
			name = Release;
		};
		A2A637632F985080002A6B8F /* Debug */ = {
			isa = XCBuildConfiguration;
			buildSettings = {
				BUNDLE_LOADER = "$(TEST_HOST)";
				CODE_SIGN_STYLE = Automatic;
				CURRENT_PROJECT_VERSION = 1;
				DEVELOPMENT_TEAM = D28SQQ935Q;
				GENERATE_INFOPLIST_FILE = YES;
				MARKETING_VERSION = 1.0;
				PRODUCT_BUNDLE_IDENTIFIER = "com.amosglenn.BadgerMeWatch-Watch-AppTests";
				PRODUCT_NAME = "$(TARGET_NAME)";
				SDKROOT = watchos;
				STRING_CATALOG_GENERATE_SYMBOLS = NO;
				SWIFT_APPROACHABLE_CONCURRENCY = YES;
				SWIFT_EMIT_LOC_STRINGS = NO;
				SWIFT_UPCOMING_FEATURE_MEMBER_IMPORT_VISIBILITY = YES;
				SWIFT_VERSION = 5.0;
				TARGETED_DEVICE_FAMILY = 4;
				TEST_HOST = "$(BUILT_PRODUCTS_DIR)/BadgerMeWatch Watch App.app/$(BUNDLE_EXECUTABLE_FOLDER_PATH)/BadgerMeWatch Watch App";
				WATCHOS_DEPLOYMENT_TARGET = 26.4;
			};
			name = Debug;
		};
		A2A637642F985080002A6B8F /* Release */ = {
			isa = XCBuildConfiguration;
			buildSettings = {
				BUNDLE_LOADER = "$(TEST_HOST)";
				CODE_SIGN_STYLE = Automatic;
				CURRENT_PROJECT_VERSION = 1;
				DEVELOPMENT_TEAM = D28SQQ935Q;
				GENERATE_INFOPLIST_FILE = YES;
				MARKETING_VERSION = 1.0;
				PRODUCT_BUNDLE_IDENTIFIER = "com.amosglenn.BadgerMeWatch-Watch-AppTests";
				PRODUCT_NAME = "$(TARGET_NAME)";
				SDKROOT = watchos;
				STRING_CATALOG_GENERATE_SYMBOLS = NO;
				SWIFT_APPROACHABLE_CONCURRENCY = YES;
				SWIFT_EMIT_LOC_STRINGS = NO;
				SWIFT_UPCOMING_FEATURE_MEMBER_IMPORT_VISIBILITY = YES;
				SWIFT_VERSION = 5.0;
				TARGETED_DEVICE_FAMILY = 4;
				TEST_HOST = "$(BUILT_PRODUCTS_DIR)/BadgerMeWatch Watch App.app/$(BUNDLE_EXECUTABLE_FOLDER_PATH)/BadgerMeWatch Watch App";
				WATCHOS_DEPLOYMENT_TARGET = 26.4;
			};
			name = Release;
		};
		A2A637662F985080002A6B8F /* Debug */ = {
			isa = XCBuildConfiguration;
			buildSettings = {
				CODE_SIGN_STYLE = Automatic;
				CURRENT_PROJECT_VERSION = 1;
				DEVELOPMENT_TEAM = D28SQQ935Q;
				GENERATE_INFOPLIST_FILE = YES;
				MARKETING_VERSION = 1.0;
				PRODUCT_BUNDLE_IDENTIFIER = "com.amosglenn.BadgerMeWatch-Watch-AppUITests";
				PRODUCT_NAME = "$(TARGET_NAME)";
				SDKROOT = watchos;
				STRING_CATALOG_GENERATE_SYMBOLS = NO;
				SWIFT_APPROACHABLE_CONCURRENCY = YES;
				SWIFT_EMIT_LOC_STRINGS = NO;
				SWIFT_UPCOMING_FEATURE_MEMBER_IMPORT_VISIBILITY = YES;
				SWIFT_VERSION = 5.0;
				TARGETED_DEVICE_FAMILY = 4;
				TEST_TARGET_NAME = "BadgerMeWatch Watch App";
				WATCHOS_DEPLOYMENT_TARGET = 26.4;
			};
			name = Debug;
		};
		A2A637672F985080002A6B8F /* Release */ = {
			isa = XCBuildConfiguration;
			buildSettings = {
				CODE_SIGN_STYLE = Automatic;
				CURRENT_PROJECT_VERSION = 1;
				DEVELOPMENT_TEAM = D28SQQ935Q;
				GENERATE_INFOPLIST_FILE = YES;
				MARKETING_VERSION = 1.0;
				PRODUCT_BUNDLE_IDENTIFIER = "com.amosglenn.BadgerMeWatch-Watch-AppUITests";
				PRODUCT_NAME = "$(TARGET_NAME)";
				SDKROOT = watchos;
				STRING_CATALOG_GENERATE_SYMBOLS = NO;
				SWIFT_APPROACHABLE_CONCURRENCY = YES;
				SWIFT_EMIT_LOC_STRINGS = NO;
				SWIFT_UPCOMING_FEATURE_MEMBER_IMPORT_VISIBILITY = YES;
				SWIFT_VERSION = 5.0;
				TARGETED_DEVICE_FAMILY = 4;
				TEST_TARGET_NAME = "BadgerMeWatch Watch App";
				WATCHOS_DEPLOYMENT_TARGET = 26.4;
			};
			name = Release;
		};
/* End XCBuildConfiguration section */

/* Begin XCConfigurationList section */
		A23751012F97F6F700569AF5 /* Build configuration list for PBXProject "BadgerMe" */ = {
			isa = XCConfigurationList;
			buildConfigurations = (
				A23751272F97F6FC00569AF5 /* Debug */,
				A23751282F97F6FC00569AF5 /* Release */,
			);
			defaultConfigurationIsVisible = 0;
			defaultConfigurationName = Release;
		};
		A23751292F97F6FC00569AF5 /* Build configuration list for PBXNativeTarget "BadgerMe" */ = {
			isa = XCConfigurationList;
			buildConfigurations = (
				A237512A2F97F6FC00569AF5 /* Debug */,
				A237512B2F97F6FC00569AF5 /* Release */,
			);
			defaultConfigurationIsVisible = 0;
			defaultConfigurationName = Release;
		};
		A237512C2F97F6FC00569AF5 /* Build configuration list for PBXNativeTarget "BadgerMeTests" */ = {
			isa = XCConfigurationList;
			buildConfigurations = (
				A237512D2F97F6FC00569AF5 /* Debug */,
				A237512E2F97F6FC00569AF5 /* Release */,
			);
			defaultConfigurationIsVisible = 0;
			defaultConfigurationName = Release;
		};
		A237512F2F97F6FC00569AF5 /* Build configuration list for PBXNativeTarget "BadgerMeUITests" */ = {
			isa = XCConfigurationList;
			buildConfigurations = (
				A23751302F97F6FC00569AF5 /* Debug */,
				A23751312F97F6FC00569AF5 /* Release */,
			);
			defaultConfigurationIsVisible = 0;
			defaultConfigurationName = Release;
		};
		A2A6375E2F985080002A6B8F /* Build configuration list for PBXNativeTarget "BadgerMeWatch Watch App" */ = {
			isa = XCConfigurationList;
			buildConfigurations = (
				A2A6375F2F985080002A6B8F /* Debug */,
				A2A637602F985080002A6B8F /* Release */,
			);
			defaultConfigurationIsVisible = 0;
			defaultConfigurationName = Release;
		};
		A2A637622F985080002A6B8F /* Build configuration list for PBXNativeTarget "BadgerMeWatch Watch AppTests" */ = {
			isa = XCConfigurationList;
			buildConfigurations = (
				A2A637632F985080002A6B8F /* Debug */,
				A2A637642F985080002A6B8F /* Release */,
			);
			defaultConfigurationIsVisible = 0;
			defaultConfigurationName = Release;
		};
		A2A637652F985080002A6B8F /* Build configuration list for PBXNativeTarget "BadgerMeWatch Watch AppUITests" */ = {
			isa = XCConfigurationList;
			buildConfigurations = (
				A2A637662F985080002A6B8F /* Debug */,
				A2A637672F985080002A6B8F /* Release */,
			);
			defaultConfigurationIsVisible = 0;
			defaultConfigurationName = Release;
		};
/* End XCConfigurationList section */
	};
	rootObject = A23750FE2F97F6F700569AF5 /* Project object */;
}
